<?xml version="1.0" encoding="utf-8"?>
<Project ToolsVersion="4.0" xmlns="http://schemas.microsoft.com/developer/msbuild/2003">
  <ItemGroup>
    <ClCompile Include="..\..\src\RTMPoseOnnxRuntime\main.cpp" />
    <ClCompile Include="..\..\src\RTMPoseOnnxRuntime\rtmdet_onnxruntime.cpp" />
    <ClCompile Include="..\..\src\RTMPoseOnnxRuntime\rtmpose_onnxruntime.cpp" />
    <ClCompile Include="..\..\src\RTMPoseOnnxRuntime\rtmpose_tracker_onnxruntime.cpp" />
  </ItemGroup>
  <ItemGroup>
    <ClInclude Include="..\..\src\RTMPoseOnnxRuntime\characterset_convert.h" />
    <ClInclude Include="..\..\src\RTMPoseOnnxRuntime\rtmdet_onnxruntime.h" />
    <ClInclude Include="..\..\src\RTMPoseOnnxRuntime\rtmpose_onnxruntime.h" />
    <ClInclude Include="..\..\src\RTMPoseOnnxRuntime\rtmpose_tracker_onnxruntime.h" />
    <ClInclude Include="..\..\src\RTMPoseOnnxRuntime\rtmpose_utils.h" />
  </ItemGroup>
</Project>